Microsoft Visual Studio Solution File, Format Version 12.00
# Visual Studio Version 17
VisualStudioVersion = 17.5.2.0
MinimumVisualStudioVersion = 10.0.40219.1
Project("{FAE04EC0-301F-11D3-BF4B-00C04F79EFBC}") = "UWP.js", "UWP.js.csproj", "{6F60F734-1043-D8C0-159F-73C360CA90CC}"
EndProject
Global
	GlobalSection(SolutionConfigurationPlatforms) = preSolution
		Debug|Any CPU = Debug|Any CPU
		Release|Any CPU = Release|Any CPU
	EndGlobalSection
	GlobalSection(ProjectConfigurationPlatforms) = postSolution
		{6F60F734-1043-D8C0-159F-73C360CA90CC}.Debug|Any CPU.ActiveCfg = Debug|Any CPU
		{6F60F734-1043-D8C0-159F-73C360CA90CC}.Debug|Any CPU.Build.0 = Debug|Any CPU
		{6F60F734-1043-D8C0-159F-73C360CA90CC}.Release|Any CPU.ActiveCfg = Release|Any CPU
		{6F60F734-1043-D8C0-159F-73C360CA90CC}.Release|Any CPU.Build.0 = Release|Any CPU
	EndGlobalSection
	GlobalSection(SolutionProperties) = preSolution
		HideSolutionNode = FALSE
	EndGlobalSection
	GlobalSection(ExtensibilityGlobals) = postSolution
		SolutionGuid = {C829880C-5348-4227-B93C-2E530D132707}
	EndGlobalSection
EndGlobal
